
Microsoft Visual Studio Solution File, Format Version 12.00
# Visual Studio 2013
VisualStudioVersion = 12.0.30723.0
MinimumVisualStudioVersion = 10.0.40219.1
Project("{FAE04EC0-301F-11D3-BF4B-00C04F79EFBC}") = "ArachNGIN.Components", "Components\ArachNGIN.Components.csproj", "{CD82B8C3-BD15-4185-867D-E7EF915464F5}"
EndProject
Project("{FAE04EC0-301F-11D3-BF4B-00C04F79EFBC}") = "ArachNGIN.Components.Console", "Components\Console\ArachNGIN.Components.Console.csproj", "{24082240-398A-46E4-BF29-18B4B85EE9DF}"
EndProject
Project("{FAE04EC0-301F-11D3-BF4B-00C04F79EFBC}") = "ArachNGIN.Files", "Files\ArachNGIN.Files.csproj", "{21FE4EC9-B716-43BA-9124-08439AC740AB}"
EndProject
Project("{FAE04EC0-301F-11D3-BF4B-00C04F79EFBC}") = "ArachNGIN.Files.MPQ", "Files\MPQ\ArachNGIN.Files.MPQ.csproj", "{0B2AA780-C794-4E87-9465-4DA15813790B}"
EndProject
Project("{FAE04EC0-301F-11D3-BF4B-00C04F79EFBC}") = "Pak", "Utilities\Pak\Pak.csproj", "{F36672BC-7E84-46B3-B323-CAB0A2214852}"
EndProject
Project("{FAE04EC0-301F-11D3-BF4B-00C04F79EFBC}") = "PakCreator", "Utilities\PakCreator\PakCreator.csproj", "{12DF9997-CA4A-40CA-97FF-8A71D3F296C4}"
EndProject
Project("{FAE04EC0-301F-11D3-BF4B-00C04F79EFBC}") = "Versioner", "Utilities\Versioner\Versioner.csproj", "{74C485AA-071B-462D-8136-56F03719163A}"
EndProject
Project("{FAE04EC0-301F-11D3-BF4B-00C04F79EFBC}") = "GitVersioner", "Utilities\GitVersioner\GitVersioner.csproj", "{18399E70-DD0E-4C52-A6C2-DF7F6E102E57}"
EndProject
Project("{FAE04EC0-301F-11D3-BF4B-00C04F79EFBC}") = "ArachNGIN.Tests.Files", "Tests\Files\ArachNGIN.Tests.Files.csproj", "{E4D4F0BB-EFC1-4D98-B92E-450096BAF621}"
EndProject
Global
	GlobalSection(SolutionConfigurationPlatforms) = preSolution
		Debug|Any CPU = Debug|Any CPU
		Release|Any CPU = Release|Any CPU
	EndGlobalSection
	GlobalSection(ProjectConfigurationPlatforms) = postSolution
		{CD82B8C3-BD15-4185-867D-E7EF915464F5}.Debug|Any CPU.ActiveCfg = Debug|Any CPU
		{CD82B8C3-BD15-4185-867D-E7EF915464F5}.Debug|Any CPU.Build.0 = Debug|Any CPU
		{CD82B8C3-BD15-4185-867D-E7EF915464F5}.Release|Any CPU.ActiveCfg = Release|Any CPU
		{CD82B8C3-BD15-4185-867D-E7EF915464F5}.Release|Any CPU.Build.0 = Release|Any CPU
		{24082240-398A-46E4-BF29-18B4B85EE9DF}.Debug|Any CPU.ActiveCfg = Debug|Any CPU
		{24082240-398A-46E4-BF29-18B4B85EE9DF}.Debug|Any CPU.Build.0 = Debug|Any CPU
		{24082240-398A-46E4-BF29-18B4B85EE9DF}.Release|Any CPU.ActiveCfg = Release|Any CPU
		{24082240-398A-46E4-BF29-18B4B85EE9DF}.Release|Any CPU.Build.0 = Release|Any CPU
		{21FE4EC9-B716-43BA-9124-08439AC740AB}.Debug|Any CPU.ActiveCfg = Debug|Any CPU
		{21FE4EC9-B716-43BA-9124-08439AC740AB}.Debug|Any CPU.Build.0 = Debug|Any CPU
		{21FE4EC9-B716-43BA-9124-08439AC740AB}.Release|Any CPU.ActiveCfg = Release|Any CPU
		{21FE4EC9-B716-43BA-9124-08439AC740AB}.Release|Any CPU.Build.0 = Release|Any CPU
		{0B2AA780-C794-4E87-9465-4DA15813790B}.Debug|Any CPU.ActiveCfg = Debug|Any CPU
		{0B2AA780-C794-4E87-9465-4DA15813790B}.Debug|Any CPU.Build.0 = Debug|Any CPU
		{0B2AA780-C794-4E87-9465-4DA15813790B}.Release|Any CPU.ActiveCfg = Release|Any CPU
		{0B2AA780-C794-4E87-9465-4DA15813790B}.Release|Any CPU.Build.0 = Release|Any CPU
		{F36672BC-7E84-46B3-B323-CAB0A2214852}.Debug|Any CPU.ActiveCfg = Debug|Any CPU
		{F36672BC-7E84-46B3-B323-CAB0A2214852}.Debug|Any CPU.Build.0 = Debug|Any CPU
		{F36672BC-7E84-46B3-B323-CAB0A2214852}.Release|Any CPU.ActiveCfg = Release|Any CPU
		{F36672BC-7E84-46B3-B323-CAB0A2214852}.Release|Any CPU.Build.0 = Release|Any CPU
		{12DF9997-CA4A-40CA-97FF-8A71D3F296C4}.Debug|Any CPU.ActiveCfg = Debug|Any CPU
		{12DF9997-CA4A-40CA-97FF-8A71D3F296C4}.Debug|Any CPU.Build.0 = Debug|Any CPU
		{12DF9997-CA4A-40CA-97FF-8A71D3F296C4}.Release|Any CPU.ActiveCfg = Release|Any CPU
		{12DF9997-CA4A-40CA-97FF-8A71D3F296C4}.Release|Any CPU.Build.0 = Release|Any CPU
		{74C485AA-071B-462D-8136-56F03719163A}.Debug|Any CPU.ActiveCfg = Debug|Any CPU
		{74C485AA-071B-462D-8136-56F03719163A}.Debug|Any CPU.Build.0 = Debug|Any CPU
		{74C485AA-071B-462D-8136-56F03719163A}.Release|Any CPU.ActiveCfg = Release|Any CPU
		{74C485AA-071B-462D-8136-56F03719163A}.Release|Any CPU.Build.0 = Release|Any CPU
		{18399E70-DD0E-4C52-A6C2-DF7F6E102E57}.Debug|Any CPU.ActiveCfg = Debug|Any CPU
		{18399E70-DD0E-4C52-A6C2-DF7F6E102E57}.Debug|Any CPU.Build.0 = Debug|Any CPU
		{18399E70-DD0E-4C52-A6C2-DF7F6E102E57}.Release|Any CPU.ActiveCfg = Release|Any CPU
		{18399E70-DD0E-4C52-A6C2-DF7F6E102E57}.Release|Any CPU.Build.0 = Release|Any CPU
		{E4D4F0BB-EFC1-4D98-B92E-450096BAF621}.Debug|Any CPU.ActiveCfg = Debug|Any CPU
		{E4D4F0BB-EFC1-4D98-B92E-450096BAF621}.Debug|Any CPU.Build.0 = Debug|Any CPU
		{E4D4F0BB-EFC1-4D98-B92E-450096BAF621}.Release|Any CPU.ActiveCfg = Release|Any CPU
		{E4D4F0BB-EFC1-4D98-B92E-450096BAF621}.Release|Any CPU.Build.0 = Release|Any CPU
	EndGlobalSection
	GlobalSection(SolutionProperties) = preSolution
		HideSolutionNode = FALSE
	EndGlobalSection
EndGlobal
